
Microsoft Visual Studio Solution File, Format Version 12.00
# Visual Studio 15
VisualStudioVersion = 15.0.28307.539
MinimumVisualStudioVersion = 10.0.40219.1
Project("{FAE04EC0-301F-11D3-BF4B-00C04F79EFBC}") = "Answers.Tests", "Answers.Tests\Answers.Tests.csproj", "{302D9508-D002-4D18-9724-454578B8752D}"
EndProject
Project("{FAE04EC0-301F-11D3-BF4B-00C04F79EFBC}") = "Answers", "Answers\Answers.csproj", "{5DF26747-E7A8-4A72-BA3A-F161643D0F67}"
EndProject
Global
	GlobalSection(SolutionConfigurationPlatforms) = preSolution
		Debug|Any CPU = Debug|Any CPU
		Release|Any CPU = Release|Any CPU
	EndGlobalSection
	GlobalSection(ProjectConfigurationPlatforms) = postSolution
		{302D9508-D002-4D18-9724-454578B8752D}.Debug|Any CPU.ActiveCfg = Debug|Any CPU
		{302D9508-D002-4D18-9724-454578B8752D}.Debug|Any CPU.Build.0 = Debug|Any CPU
		{302D9508-D002-4D18-9724-454578B8752D}.Release|Any CPU.ActiveCfg = Release|Any CPU
		{302D9508-D002-4D18-9724-454578B8752D}.Release|Any CPU.Build.0 = Release|Any CPU
		{5DF26747-E7A8-4A72-BA3A-F161643D0F67}.Debug|Any CPU.ActiveCfg = Debug|Any CPU
		{5DF26747-E7A8-4A72-BA3A-F161643D0F67}.Debug|Any CPU.Build.0 = Debug|Any CPU
		{5DF26747-E7A8-4A72-BA3A-F161643D0F67}.Release|Any CPU.ActiveCfg = Release|Any CPU
		{5DF26747-E7A8-4A72-BA3A-F161643D0F67}.Release|Any CPU.Build.0 = Release|Any CPU
	EndGlobalSection
	GlobalSection(SolutionProperties) = preSolution
		HideSolutionNode = FALSE
	EndGlobalSection
	GlobalSection(ExtensibilityGlobals) = postSolution
		SolutionGuid = {2B45651B-F21C-4079-A46B-CF93BA71F5F8}
	EndGlobalSection
EndGlobal
